
Microsoft Visual Studio Solution File, Format Version 12.00
# Visual Studio Version 16
VisualStudioVersion = 16.0.30503.244
MinimumVisualStudioVersion = 10.0.40219.1
Project("{FAE04EC0-301F-11D3-BF4B-00C04F79EFBC}") = "Week1-Forms Intro", "Week1\Week1-Forms Intro.csproj", "{CB5A86D5-1720-46E6-8633-0EA9BFD076F6}"
EndProject
Project("{FAE04EC0-301F-11D3-BF4B-00C04F79EFBC}") = "Week2 - ModelView", "Week2 - ModelView\Week2 - ModelView.csproj", "{FA416AE4-C8E4-427B-9334-9F5C9E9D597F}"
EndProject
Project("{FAE04EC0-301F-11D3-BF4B-00C04F79EFBC}") = "Week2-Forms", "Week2-Forms\Week2-Forms.csproj", "{BBDC0F9C-F156-410D-91EE-FF0DBD12AA0B}"
EndProject
Project("{FAE04EC0-301F-11D3-BF4B-00C04F79EFBC}") = "Week3A", "Week3A\Week3A.csproj", "{115D92B1-B2C0-41C8-B9AB-3B89C3CE2014}"
EndProject
Project("{FAE04EC0-301F-11D3-BF4B-00C04F79EFBC}") = "Week3-Highlander", "Week3-Highlander\Week3-Highlander.csproj", "{4B108415-D5D6-4A41-B6BD-8B4C90F291D0}"
EndProject
Project("{FAE04EC0-301F-11D3-BF4B-00C04F79EFBC}") = "Week4A", "Week4A\Week4A.csproj", "{B0115EE8-667F-4FCF-9B56-EFA9668C2928}"
EndProject
Project("{FAE04EC0-301F-11D3-BF4B-00C04F79EFBC}") = "Week4B-BankAccountMgr", "Week4B-BankAccountMgr\Week4B-BankAccountMgr.csproj", "{130E4A7C-FE8D-4105-BB7F-22D0666BC7FD}"
EndProject
Project("{FAE04EC0-301F-11D3-BF4B-00C04F79EFBC}") = "Week5B", "Week5B\Week5B.csproj", "{19938C74-1B39-432E-94D1-526C3B490A64}"
EndProject
Global
	GlobalSection(SolutionConfigurationPlatforms) = preSolution
		Debug|Any CPU = Debug|Any CPU
		Release|Any CPU = Release|Any CPU
	EndGlobalSection
	GlobalSection(ProjectConfigurationPlatforms) = postSolution
		{CB5A86D5-1720-46E6-8633-0EA9BFD076F6}.Debug|Any CPU.ActiveCfg = Debug|Any CPU
		{CB5A86D5-1720-46E6-8633-0EA9BFD076F6}.Debug|Any CPU.Build.0 = Debug|Any CPU
		{CB5A86D5-1720-46E6-8633-0EA9BFD076F6}.Release|Any CPU.ActiveCfg = Release|Any CPU
		{CB5A86D5-1720-46E6-8633-0EA9BFD076F6}.Release|Any CPU.Build.0 = Release|Any CPU
		{FA416AE4-C8E4-427B-9334-9F5C9E9D597F}.Debug|Any CPU.ActiveCfg = Debug|Any CPU
		{FA416AE4-C8E4-427B-9334-9F5C9E9D597F}.Debug|Any CPU.Build.0 = Debug|Any CPU
		{FA416AE4-C8E4-427B-9334-9F5C9E9D597F}.Release|Any CPU.ActiveCfg = Release|Any CPU
		{FA416AE4-C8E4-427B-9334-9F5C9E9D597F}.Release|Any CPU.Build.0 = Release|Any CPU
		{BBDC0F9C-F156-410D-91EE-FF0DBD12AA0B}.Debug|Any CPU.ActiveCfg = Debug|Any CPU
		{BBDC0F9C-F156-410D-91EE-FF0DBD12AA0B}.Debug|Any CPU.Build.0 = Debug|Any CPU
		{BBDC0F9C-F156-410D-91EE-FF0DBD12AA0B}.Release|Any CPU.ActiveCfg = Release|Any CPU
		{BBDC0F9C-F156-410D-91EE-FF0DBD12AA0B}.Release|Any CPU.Build.0 = Release|Any CPU
		{115D92B1-B2C0-41C8-B9AB-3B89C3CE2014}.Debug|Any CPU.ActiveCfg = Debug|Any CPU
		{115D92B1-B2C0-41C8-B9AB-3B89C3CE2014}.Debug|Any CPU.Build.0 = Debug|Any CPU
		{115D92B1-B2C0-41C8-B9AB-3B89C3CE2014}.Release|Any CPU.ActiveCfg = Release|Any CPU
		{115D92B1-B2C0-41C8-B9AB-3B89C3CE2014}.Release|Any CPU.Build.0 = Release|Any CPU
		{4B108415-D5D6-4A41-B6BD-8B4C90F291D0}.Debug|Any CPU.ActiveCfg = Debug|Any CPU
		{4B108415-D5D6-4A41-B6BD-8B4C90F291D0}.Debug|Any CPU.Build.0 = Debug|Any CPU
		{4B108415-D5D6-4A41-B6BD-8B4C90F291D0}.Release|Any CPU.ActiveCfg = Release|Any CPU
		{4B108415-D5D6-4A41-B6BD-8B4C90F291D0}.Release|Any CPU.Build.0 = Release|Any CPU
		{B0115EE8-667F-4FCF-9B56-EFA9668C2928}.Debug|Any CPU.ActiveCfg = Debug|Any CPU
		{B0115EE8-667F-4FCF-9B56-EFA9668C2928}.Debug|Any CPU.Build.0 = Debug|Any CPU
		{B0115EE8-667F-4FCF-9B56-EFA9668C2928}.Release|Any CPU.ActiveCfg = Release|Any CPU
		{B0115EE8-667F-4FCF-9B56-EFA9668C2928}.Release|Any CPU.Build.0 = Release|Any CPU
		{130E4A7C-FE8D-4105-BB7F-22D0666BC7FD}.Debug|Any CPU.ActiveCfg = Debug|Any CPU
		{130E4A7C-FE8D-4105-BB7F-22D0666BC7FD}.Debug|Any CPU.Build.0 = Debug|Any CPU
		{130E4A7C-FE8D-4105-BB7F-22D0666BC7FD}.Release|Any CPU.ActiveCfg = Release|Any CPU
		{130E4A7C-FE8D-4105-BB7F-22D0666BC7FD}.Release|Any CPU.Build.0 = Release|Any CPU
		{19938C74-1B39-432E-94D1-526C3B490A64}.Debug|Any CPU.ActiveCfg = Debug|Any CPU
		{19938C74-1B39-432E-94D1-526C3B490A64}.Debug|Any CPU.Build.0 = Debug|Any CPU
		{19938C74-1B39-432E-94D1-526C3B490A64}.Release|Any CPU.ActiveCfg = Release|Any CPU
		{19938C74-1B39-432E-94D1-526C3B490A64}.Release|Any CPU.Build.0 = Release|Any CPU
	EndGlobalSection
	GlobalSection(SolutionProperties) = preSolution
		HideSolutionNode = FALSE
	EndGlobalSection
	GlobalSection(ExtensibilityGlobals) = postSolution
		SolutionGuid = {410F8F21-4682-44AB-8EB0-1BA8A335B04E}
	EndGlobalSection
EndGlobal
